<?xml version="1.0" encoding="utf-8"?>
<Project ToolsVersion="4.0" xmlns="http://schemas.microsoft.com/developer/msbuild/2003">
  <ItemGroup>
    <Filter Include="Source Files">
      <UniqueIdentifier>{4FC737F1-C7A5-4376-A066-2A32D752A2FF}</UniqueIdentifier>
      <Extensions>cpp;c;cc;cxx;c++;cppm;ixx;def;odl;idl;hpj;bat;asm;asmx</Extensions>
    </Filter>
    <Filter Include="Header Files">
      <UniqueIdentifier>{93995380-89BD-4b04-88EB-625FBE52EBFB}</UniqueIdentifier>
      <Extensions>h;hh;hpp;hxx;h++;hm;inl;inc;ipp;xsd</Extensions>
    </Filter>
    <Filter Include="Resource Files">
      <UniqueIdentifier>{67DA6AB6-F800-4c08-8B7A-83BB121AAD01}</UniqueIdentifier>
      <Extensions>rc;ico;cur;bmp;dlg;rc2;rct;bin;rgs;gif;jpg;jpeg;jpe;resx;tiff;tif;png;wav;mfcribbon-ms</Extensions>
    </Filter>
    <Filter Include="Source Files\io">
      <UniqueIdentifier>{056e35d7-5972-4eea-a766-edf3c06f79bc}</UniqueIdentifier>
    </Filter>
  </ItemGroup>
  <ItemGroup>
    <ClCompile Include="Source\glad.c">
      <Filter>Source Files</Filter>
    </ClCompile>
    <ClCompile Include="Source\Main.cpp">
      <Filter>Source Files</Filter>
    </ClCompile>
    <ClCompile Include="Source\VertexBuffer.cpp">
      <Filter>Source Files</Filter>
    </ClCompile>
    <ClCompile Include="Source\IndexBuffer.cpp">
      <Filter>Source Files</Filter>
    </ClCompile>
    <ClCompile Include="Source\io\Screen.cpp">
      <Filter>Source Files</Filter>
    </ClCompile>
    <ClCompile Include="Source\io\Keyboard.cpp">
      <Filter>Source Files\io</Filter>
    </ClCompile>
    <ClCompile Include="Source\io\Mouse.cpp">
      <Filter>Source Files\io</Filter>
    </ClCompile>
    <ClCompile Include="Source\graphics\Texture.cpp">
      <Filter>Source Files</Filter>
    </ClCompile>
    <ClCompile Include="Source\graphics\Mesh.cpp">
      <Filter>Source Files</Filter>
    </ClCompile>
    <ClCompile Include="Source\graphics\Model.cpp">
      <Filter>Source Files</Filter>
    </ClCompile>
  </ItemGroup>
  <ItemGroup>
    <ClInclude Include="Source\graphics\Shader.h">
      <Filter>Header Files</Filter>
    </ClInclude>
    <ClInclude Include="Source\VertexBuffer.h">
      <Filter>Header Files</Filter>
    </ClInclude>
    <ClInclude Include="Source\io\Camera.h">
      <Filter>Header Files</Filter>
    </ClInclude>
    <ClInclude Include="Source\IndexBuffer.h">
      <Filter>Header Files</Filter>
    </ClInclude>
    <ClInclude Include="Source\graphics\stb_image.h">
      <Filter>Header Files</Filter>
    </ClInclude>
    <ClInclude Include="Source\io\Screen.h">
      <Filter>Source Files</Filter>
    </ClInclude>
    <ClInclude Include="Source\io\Keyboard.h">
      <Filter>Source Files\io</Filter>
    </ClInclude>
    <ClInclude Include="Source\io\Mouse.h">
      <Filter>Source Files\io</Filter>
    </ClInclude>
    <ClInclude Include="Source\graphics\Texture.h">
      <Filter>Header Files</Filter>
    </ClInclude>
    <ClInclude Include="Source\graphics\Mesh.h">
      <Filter>Header Files</Filter>
    </ClInclude>
    <ClInclude Include="Source\graphics\Model.h">
      <Filter>Header Files</Filter>
    </ClInclude>
    <ClInclude Include="Source\graphics\models\Cube.hpp">
      <Filter>Header Files</Filter>
    </ClInclude>
  </ItemGroup>
  <ItemGroup>
    <None Include="Recources\shader.vert" />
    <None Include="Recources\shader.frag" />
    <None Include="Recources\light.frag" />
    <None Include="Recources\pixelation.vert" />
    <None Include="Recources\pixelation.frag" />
    <None Include="models\lotr_troll\scene.gltf" />
    <None Include="Recources\assets\low_poly_cars\scene.gltf" />
    <None Include="Recources\assets\low_poly_cars\scene.bin">
      <Filter>Resource Files</Filter>
    </None>
  </ItemGroup>
  <ItemGroup>
    <Image Include="Recources\textures1\container2_specular.png">
      <Filter>Resource Files</Filter>
    </Image>
    <Image Include="Recources\textures1\container2.png">
      <Filter>Resource Files</Filter>
    </Image>
    <Image Include="Recources\textures1\grass.jpg">
      <Filter>Resource Files</Filter>
    </Image>
    <Image Include="Recources\textures1\dither.jpg">
      <Filter>Resource Files</Filter>
    </Image>
    <Image Include="models\house\textures\brick.png">
      <Filter>Resource Files</Filter>
    </Image>
    <Image Include="Recources\textures1\cat.jpg">
      <Filter>Resource Files</Filter>
    </Image>
    <Image Include="Recources\textures1\cat2.jpg">
      <Filter>Resource Files</Filter>
    </Image>
    <Image Include="Recources\textures1\psx_dither.png">
      <Filter>Resource Files</Filter>
    </Image>
    <Image Include="Recources\textures1\container.jpg">
      <Filter>Resource Files</Filter>
    </Image>
    <Image Include="Recources\assets\low_poly_cars\textures\montecarlo70_baseColor.jpeg">
      <Filter>Resource Files</Filter>
    </Image>
    <Image Include="Recources\assets\low_poly_cars\textures\Materiais.003_baseColor.png">
      <Filter>Resource Files</Filter>
    </Image>
    <Image Include="Recources\assets\low_poly_cars\textures\Materiais.001_baseColor.jpeg">
      <Filter>Resource Files</Filter>
    </Image>
    <Image Include="models\house\textures\grass.jpg">
      <Filter>Resource Files</Filter>
    </Image>
    <Image Include="models\house\textures\door.jpg">
      <Filter>Resource Files</Filter>
    </Image>
  </ItemGroup>
</Project>